// !$*UTF8*$!
{
	archiveVersion = 1;
	classes = {
	};
	objectVersion = 55;
	objects = {

/* Begin PBXBuildFile section */
		4066279B28BA5B96005B630C /* AppDelegate.swift in Sources */ = {isa = PBXBuildFile; fileRef = 4066279A28BA5B96005B630C /* AppDelegate.swift */; };
		4066279D28BA5B96005B630C /* SceneDelegate.swift in Sources */ = {isa = PBXBuildFile; fileRef = 4066279C28BA5B96005B630C /* SceneDelegate.swift */; };
		406627A228BA5B96005B630C /* Main.storyboard in Resources */ = {isa = PBXBuildFile; fileRef = 406627A028BA5B96005B630C /* Main.storyboard */; };
		406627A428BA5B98005B630C /* Assets.xcassets in Resources */ = {isa = PBXBuildFile; fileRef = 406627A328BA5B98005B630C /* Assets.xcassets */; };
		406627A728BA5B98005B630C /* LaunchScreen.storyboard in Resources */ = {isa = PBXBuildFile; fileRef = 406627A528BA5B98005B630C /* LaunchScreen.storyboard */; };
		406627B628BA5D4E005B630C /* MainTabController.swift in Sources */ = {isa = PBXBuildFile; fileRef = 406627B528BA5D4E005B630C /* MainTabController.swift */; };
		406627B828BA5F60005B630C /* FeedController.swift in Sources */ = {isa = PBXBuildFile; fileRef = 406627B728BA5F60005B630C /* FeedController.swift */; };
		406627BA28BA60C6005B630C /* ExploreController.swift in Sources */ = {isa = PBXBuildFile; fileRef = 406627B928BA60C6005B630C /* ExploreController.swift */; };
		406627BC28BA60F6005B630C /* NotificationsController.swift in Sources */ = {isa = PBXBuildFile; fileRef = 406627BB28BA60F6005B630C /* NotificationsController.swift */; };
		406627BE28BA6101005B630C /* ConversationsController.swift in Sources */ = {isa = PBXBuildFile; fileRef = 406627BD28BA6101005B630C /* ConversationsController.swift */; };
		406627C028BA6E4D005B630C /* Extensions.swift in Sources */ = {isa = PBXBuildFile; fileRef = 406627BF28BA6E4D005B630C /* Extensions.swift */; };
		406627C328BA9B2A005B630C /* LoginController.swift in Sources */ = {isa = PBXBuildFile; fileRef = 406627C228BA9B2A005B630C /* LoginController.swift */; };
		406627C528BA9BE8005B630C /* RegistrationController.swift in Sources */ = {isa = PBXBuildFile; fileRef = 406627C428BA9BE8005B630C /* RegistrationController.swift */; };
		40A998EB28BB4A2600F169EB /* Utilities.swift in Sources */ = {isa = PBXBuildFile; fileRef = 40A998EA28BB4A2600F169EB /* Utilities.swift */; };
		96938B31BF848DC28D70E437 /* Pods_TwitterCloneMVVM.framework in Frameworks */ = {isa = PBXBuildFile; fileRef = BDD0F09E8891767033CE335D /* Pods_TwitterCloneMVVM.framework */; };
		DD18FF2028C92A0C000FB9B6 /* AuthService.swift in Sources */ = {isa = PBXBuildFile; fileRef = DD18FF1F28C92A0C000FB9B6 /* AuthService.swift */; };
		DD37D34C28C52BA200658686 /* GoogleService-Info.plist in Resources */ = {isa = PBXBuildFile; fileRef = DD37D34B28C52BA200658686 /* GoogleService-Info.plist */; };
		DD45786728C6701300BA9A81 /* Constants.swift in Sources */ = {isa = PBXBuildFile; fileRef = DD45786628C6701300BA9A81 /* Constants.swift */; };
		DD60243C28D25D63007E1AE6 /* TweetViewModel.swift in Sources */ = {isa = PBXBuildFile; fileRef = DD60243B28D25D63007E1AE6 /* TweetViewModel.swift */; };
		DD9D6FF228D79B5100F7DDF1 /* ProfileHeader.swift in Sources */ = {isa = PBXBuildFile; fileRef = DD9D6FF128D79B5100F7DDF1 /* ProfileHeader.swift */; };
		DD9D6FF428D849AB00F7DDF1 /* ProfileFilterView.swift in Sources */ = {isa = PBXBuildFile; fileRef = DD9D6FF328D849AB00F7DDF1 /* ProfileFilterView.swift */; };
		DD9D6FF628D84C3100F7DDF1 /* ProfileFilterCell.swift in Sources */ = {isa = PBXBuildFile; fileRef = DD9D6FF528D84C3100F7DDF1 /* ProfileFilterCell.swift */; };
		DD9D6FF828D866B200F7DDF1 /* ProfileHeaderViewModel.swift in Sources */ = {isa = PBXBuildFile; fileRef = DD9D6FF728D866B200F7DDF1 /* ProfileHeaderViewModel.swift */; };
		DDAA6A3228D64E790030D76D /* ProfileController.swift in Sources */ = {isa = PBXBuildFile; fileRef = DDAA6A3128D64E790030D76D /* ProfileController.swift */; };
		DDB82E8A28CBAD7D00DE4A4A /* UserService.swift in Sources */ = {isa = PBXBuildFile; fileRef = DDB82E8928CBAD7D00DE4A4A /* UserService.swift */; };
		DDB82E8C28CC831A00DE4A4A /* User.swift in Sources */ = {isa = PBXBuildFile; fileRef = DDB82E8B28CC831A00DE4A4A /* User.swift */; };
		DDB82E8E28CCE56B00DE4A4A /* UploadTweetController.swift in Sources */ = {isa = PBXBuildFile; fileRef = DDB82E8D28CCE56B00DE4A4A /* UploadTweetController.swift */; };
		DDB82E9028CDE3DA00DE4A4A /* CaptionTextView.swift in Sources */ = {isa = PBXBuildFile; fileRef = DDB82E8F28CDE3DA00DE4A4A /* CaptionTextView.swift */; };
		DDB82E9228CF99FF00DE4A4A /* TweetService.swift in Sources */ = {isa = PBXBuildFile; fileRef = DDB82E9128CF99FF00DE4A4A /* TweetService.swift */; };
		DDB82E9428CF9F3D00DE4A4A /* Tweet.swift in Sources */ = {isa = PBXBuildFile; fileRef = DDB82E9328CF9F3D00DE4A4A /* Tweet.swift */; };
		DDB82E9628D1110600DE4A4A /* TweetCell.swift in Sources */ = {isa = PBXBuildFile; fileRef = DDB82E9528D1110600DE4A4A /* TweetCell.swift */; };
/* End PBXBuildFile section */

/* Begin PBXFileReference section */
		4066279728BA5B96005B630C /* TwitterCloneMVVM.app */ = {isa = PBXFileReference; explicitFileType = wrapper.application; includeInIndex = 0; path = TwitterCloneMVVM.app; sourceTree = BUILT_PRODUCTS_DIR; };
		4066279A28BA5B96005B630C /* AppDelegate.swift */ = {isa = PBXFileReference; lastKnownFileType = sourcecode.swift; path = AppDelegate.swift; sourceTree = "<group>"; };
		4066279C28BA5B96005B630C /* SceneDelegate.swift */ = {isa = PBXFileReference; lastKnownFileType = sourcecode.swift; path = SceneDelegate.swift; sourceTree = "<group>"; };
		406627A128BA5B96005B630C /* Base */ = {isa = PBXFileReference; lastKnownFileType = file.storyboard; name = Base; path = Base.lproj/Main.storyboard; sourceTree = "<group>"; };
		406627A328BA5B98005B630C /* Assets.xcassets */ = {isa = PBXFileReference; lastKnownFileType = folder.assetcatalog; path = Assets.xcassets; sourceTree = "<group>"; };
		406627A628BA5B98005B630C /* Base */ = {isa = PBXFileReference; lastKnownFileType = file.storyboard; name = Base; path = Base.lproj/LaunchScreen.storyboard; sourceTree = "<group>"; };
		406627A828BA5B98005B630C /* Info.plist */ = {isa = PBXFileReference; lastKnownFileType = text.plist.xml; path = Info.plist; sourceTree = "<group>"; };
		406627B528BA5D4E005B630C /* MainTabController.swift */ = {isa = PBXFileReference; lastKnownFileType = sourcecode.swift; path = MainTabController.swift; sourceTree = "<group>"; };
		406627B728BA5F60005B630C /* FeedController.swift */ = {isa = PBXFileReference; lastKnownFileType = sourcecode.swift; path = FeedController.swift; sourceTree = "<group>"; };
		406627B928BA60C6005B630C /* ExploreController.swift */ = {isa = PBXFileReference; lastKnownFileType = sourcecode.swift; path = ExploreController.swift; sourceTree = "<group>"; };
		406627BB28BA60F6005B630C /* NotificationsController.swift */ = {isa = PBXFileReference; lastKnownFileType = sourcecode.swift; path = NotificationsController.swift; sourceTree = "<group>"; };
		406627BD28BA6101005B630C /* ConversationsController.swift */ = {isa = PBXFileReference; lastKnownFileType = sourcecode.swift; path = ConversationsController.swift; sourceTree = "<group>"; };
		406627BF28BA6E4D005B630C /* Extensions.swift */ = {isa = PBXFileReference; lastKnownFileType = sourcecode.swift; path = Extensions.swift; sourceTree = "<group>"; };
		406627C228BA9B2A005B630C /* LoginController.swift */ = {isa = PBXFileReference; lastKnownFileType = sourcecode.swift; path = LoginController.swift; sourceTree = "<group>"; };
		406627C428BA9BE8005B630C /* RegistrationController.swift */ = {isa = PBXFileReference; lastKnownFileType = sourcecode.swift; path = RegistrationController.swift; sourceTree = "<group>"; };
		40A998EA28BB4A2600F169EB /* Utilities.swift */ = {isa = PBXFileReference; lastKnownFileType = sourcecode.swift; path = Utilities.swift; sourceTree = "<group>"; };
		BDD0F09E8891767033CE335D /* Pods_TwitterCloneMVVM.framework */ = {isa = PBXFileReference; explicitFileType = wrapper.framework; includeInIndex = 0; path = Pods_TwitterCloneMVVM.framework; sourceTree = BUILT_PRODUCTS_DIR; };
		D1D61AEDD93F59EF7C63C619 /* Pods-TwitterCloneMVVM.release.xcconfig */ = {isa = PBXFileReference; includeInIndex = 1; lastKnownFileType = text.xcconfig; name = "Pods-TwitterCloneMVVM.release.xcconfig"; path = "Target Support Files/Pods-TwitterCloneMVVM/Pods-TwitterCloneMVVM.release.xcconfig"; sourceTree = "<group>"; };
		DD18FF1F28C92A0C000FB9B6 /* AuthService.swift */ = {isa = PBXFileReference; lastKnownFileType = sourcecode.swift; path = AuthService.swift; sourceTree = "<group>"; };
		DD37D34B28C52BA200658686 /* GoogleService-Info.plist */ = {isa = PBXFileReference; fileEncoding = 4; lastKnownFileType = text.plist.xml; name = "GoogleService-Info.plist"; path = "../../../../Downloads/GoogleService-Info.plist"; sourceTree = "<group>"; };
		DD45786628C6701300BA9A81 /* Constants.swift */ = {isa = PBXFileReference; lastKnownFileType = sourcecode.swift; path = Constants.swift; sourceTree = "<group>"; };
		DD60243B28D25D63007E1AE6 /* TweetViewModel.swift */ = {isa = PBXFileReference; lastKnownFileType = sourcecode.swift; path = TweetViewModel.swift; sourceTree = "<group>"; };
		DD9D6FF128D79B5100F7DDF1 /* ProfileHeader.swift */ = {isa = PBXFileReference; lastKnownFileType = sourcecode.swift; path = ProfileHeader.swift; sourceTree = "<group>"; };
		DD9D6FF328D849AB00F7DDF1 /* ProfileFilterView.swift */ = {isa = PBXFileReference; lastKnownFileType = sourcecode.swift; path = ProfileFilterView.swift; sourceTree = "<group>"; };
		DD9D6FF528D84C3100F7DDF1 /* ProfileFilterCell.swift */ = {isa = PBXFileReference; lastKnownFileType = sourcecode.swift; path = ProfileFilterCell.swift; sourceTree = "<group>"; };
		DD9D6FF728D866B200F7DDF1 /* ProfileHeaderViewModel.swift */ = {isa = PBXFileReference; lastKnownFileType = sourcecode.swift; path = ProfileHeaderViewModel.swift; sourceTree = "<group>"; };
		DDAA6A3128D64E790030D76D /* ProfileController.swift */ = {isa = PBXFileReference; lastKnownFileType = sourcecode.swift; path = ProfileController.swift; sourceTree = "<group>"; };
		DDB82E8928CBAD7D00DE4A4A /* UserService.swift */ = {isa = PBXFileReference; lastKnownFileType = sourcecode.swift; path = UserService.swift; sourceTree = "<group>"; };
		DDB82E8B28CC831A00DE4A4A /* User.swift */ = {isa = PBXFileReference; lastKnownFileType = sourcecode.swift; path = User.swift; sourceTree = "<group>"; };
		DDB82E8D28CCE56B00DE4A4A /* UploadTweetController.swift */ = {isa = PBXFileReference; lastKnownFileType = sourcecode.swift; path = UploadTweetController.swift; sourceTree = "<group>"; };
		DDB82E8F28CDE3DA00DE4A4A /* CaptionTextView.swift */ = {isa = PBXFileReference; lastKnownFileType = sourcecode.swift; path = CaptionTextView.swift; sourceTree = "<group>"; };
		DDB82E9128CF99FF00DE4A4A /* TweetService.swift */ = {isa = PBXFileReference; lastKnownFileType = sourcecode.swift; path = TweetService.swift; sourceTree = "<group>"; };
		DDB82E9328CF9F3D00DE4A4A /* Tweet.swift */ = {isa = PBXFileReference; lastKnownFileType = sourcecode.swift; path = Tweet.swift; sourceTree = "<group>"; };
		DDB82E9528D1110600DE4A4A /* TweetCell.swift */ = {isa = PBXFileReference; lastKnownFileType = sourcecode.swift; path = TweetCell.swift; sourceTree = "<group>"; };
		DF31B9317A77DE4E38D4BA98 /* Pods-TwitterCloneMVVM.debug.xcconfig */ = {isa = PBXFileReference; includeInIndex = 1; lastKnownFileType = text.xcconfig; name = "Pods-TwitterCloneMVVM.debug.xcconfig"; path = "Target Support Files/Pods-TwitterCloneMVVM/Pods-TwitterCloneMVVM.debug.xcconfig"; sourceTree = "<group>"; };
/* End PBXFileReference section */

/* Begin PBXFrameworksBuildPhase section */
		4066279428BA5B96005B630C /* Frameworks */ = {
			isa = PBXFrameworksBuildPhase;
			buildActionMask = 2147483647;
			files = (
				96938B31BF848DC28D70E437 /* Pods_TwitterCloneMVVM.framework in Frameworks */,
			);
			runOnlyForDeploymentPostprocessing = 0;
		};
/* End PBXFrameworksBuildPhase section */

/* Begin PBXGroup section */
		4066278E28BA5B96005B630C = {
			isa = PBXGroup;
			children = (
				4066279928BA5B96005B630C /* TwitterCloneMVVM */,
				4066279828BA5B96005B630C /* Products */,
				B7F6B44CB704B575E278F430 /* Pods */,
				6569498FC9C903BBC7B031AA /* Frameworks */,
			);
			sourceTree = "<group>";
		};
		4066279828BA5B96005B630C /* Products */ = {
			isa = PBXGroup;
			children = (
				4066279728BA5B96005B630C /* TwitterCloneMVVM.app */,
			);
			name = Products;
			sourceTree = "<group>";
		};
		4066279928BA5B96005B630C /* TwitterCloneMVVM */ = {
			isa = PBXGroup;
			children = (
				406627B428BA5C2F005B630C /* Model */,
				406627B328BA5C28005B630C /* View */,
				406627B228BA5C25005B630C /* ViewModel */,
				406627B128BA5C22005B630C /* Controller */,
				406627B028BA5C20005B630C /* API */,
				406627AE28BA5BF0005B630C /* Utils */,
				4066279A28BA5B96005B630C /* AppDelegate.swift */,
				4066279C28BA5B96005B630C /* SceneDelegate.swift */,
				406627A028BA5B96005B630C /* Main.storyboard */,
				406627A328BA5B98005B630C /* Assets.xcassets */,
				406627A528BA5B98005B630C /* LaunchScreen.storyboard */,
				406627A828BA5B98005B630C /* Info.plist */,
				DD37D34B28C52BA200658686 /* GoogleService-Info.plist */,
			);
			path = TwitterCloneMVVM;
			sourceTree = "<group>";
		};
		406627AE28BA5BF0005B630C /* Utils */ = {
			isa = PBXGroup;
			children = (
				406627BF28BA6E4D005B630C /* Extensions.swift */,
				40A998EA28BB4A2600F169EB /* Utilities.swift */,
				DD45786628C6701300BA9A81 /* Constants.swift */,
			);
			path = Utils;
			sourceTree = "<group>";
		};
		406627B028BA5C20005B630C /* API */ = {
			isa = PBXGroup;
			children = (
				DD18FF1F28C92A0C000FB9B6 /* AuthService.swift */,
				DDB82E8928CBAD7D00DE4A4A /* UserService.swift */,
				DDB82E9128CF99FF00DE4A4A /* TweetService.swift */,
			);
			path = API;
			sourceTree = "<group>";
		};
		406627B128BA5C22005B630C /* Controller */ = {
			isa = PBXGroup;
			children = (
				406627C128BA9AE5005B630C /* Authentication */,
				406627B528BA5D4E005B630C /* MainTabController.swift */,
				406627B728BA5F60005B630C /* FeedController.swift */,
				406627B928BA60C6005B630C /* ExploreController.swift */,
				406627BB28BA60F6005B630C /* NotificationsController.swift */,
				406627BD28BA6101005B630C /* ConversationsController.swift */,
				DDB82E8D28CCE56B00DE4A4A /* UploadTweetController.swift */,
				DDAA6A3128D64E790030D76D /* ProfileController.swift */,
			);
			path = Controller;
			sourceTree = "<group>";
		};
		406627B228BA5C25005B630C /* ViewModel */ = {
			isa = PBXGroup;
			children = (
				DD60243B28D25D63007E1AE6 /* TweetViewModel.swift */,
				DD9D6FF728D866B200F7DDF1 /* ProfileHeaderViewModel.swift */,
			);
			path = ViewModel;
			sourceTree = "<group>";
		};
		406627B328BA5C28005B630C /* View */ = {
			isa = PBXGroup;
			children = (
				DDB82E8F28CDE3DA00DE4A4A /* CaptionTextView.swift */,
				DDB82E9528D1110600DE4A4A /* TweetCell.swift */,
				DD9D6FF128D79B5100F7DDF1 /* ProfileHeader.swift */,
				DD9D6FF328D849AB00F7DDF1 /* ProfileFilterView.swift */,
				DD9D6FF528D84C3100F7DDF1 /* ProfileFilterCell.swift */,
			);
			path = View;
			sourceTree = "<group>";
		};
		406627B428BA5C2F005B630C /* Model */ = {
			isa = PBXGroup;
			children = (
				DDB82E8B28CC831A00DE4A4A /* User.swift */,
				DDB82E9328CF9F3D00DE4A4A /* Tweet.swift */,
			);
			path = Model;
			sourceTree = "<group>";
		};
		406627C128BA9AE5005B630C /* Authentication */ = {
			isa = PBXGroup;
			children = (
				406627C228BA9B2A005B630C /* LoginController.swift */,
				406627C428BA9BE8005B630C /* RegistrationController.swift */,
			);
			path = Authentication;
			sourceTree = "<group>";
		};
		6569498FC9C903BBC7B031AA /* Frameworks */ = {
			isa = PBXGroup;
			children = (
				BDD0F09E8891767033CE335D /* Pods_TwitterCloneMVVM.framework */,
			);
			name = Frameworks;
			sourceTree = "<group>";
		};
		B7F6B44CB704B575E278F430 /* Pods */ = {
			isa = PBXGroup;
			children = (
				DF31B9317A77DE4E38D4BA98 /* Pods-TwitterCloneMVVM.debug.xcconfig */,
				D1D61AEDD93F59EF7C63C619 /* Pods-TwitterCloneMVVM.release.xcconfig */,
			);
			path = Pods;
			sourceTree = "<group>";
		};
/* End PBXGroup section */

/* Begin PBXNativeTarget section */
		4066279628BA5B96005B630C /* TwitterCloneMVVM */ = {
			isa = PBXNativeTarget;
			buildConfigurationList = 406627AB28BA5B98005B630C /* Build configuration list for PBXNativeTarget "TwitterCloneMVVM" */;
			buildPhases = (
				F643E9E78D9C696E2213FDB7 /* [CP] Check Pods Manifest.lock */,
				4066279328BA5B96005B630C /* Sources */,
				4066279428BA5B96005B630C /* Frameworks */,
				4066279528BA5B96005B630C /* Resources */,
				347E1DB2A5A8D20119DE2FE8 /* [CP] Embed Pods Frameworks */,
			);
			buildRules = (
			);
			dependencies = (
			);
			name = TwitterCloneMVVM;
			productName = TwitterCloneMVVM;
			productReference = 4066279728BA5B96005B630C /* TwitterCloneMVVM.app */;
			productType = "com.apple.product-type.application";
		};
/* End PBXNativeTarget section */

/* Begin PBXProject section */
		4066278F28BA5B96005B630C /* Project object */ = {
			isa = PBXProject;
			attributes = {
				BuildIndependentTargetsInParallel = 1;
				LastSwiftUpdateCheck = 1340;
				LastUpgradeCheck = 1340;
				TargetAttributes = {
					4066279628BA5B96005B630C = {
						CreatedOnToolsVersion = 13.4;
					};
				};
			};
			buildConfigurationList = 4066279228BA5B96005B630C /* Build configuration list for PBXProject "TwitterCloneMVVM" */;
			compatibilityVersion = "Xcode 13.0";
			developmentRegion = en;
			hasScannedForEncodings = 0;
			knownRegions = (
				en,
				Base,
			);
			mainGroup = 4066278E28BA5B96005B630C;
			productRefGroup = 4066279828BA5B96005B630C /* Products */;
			projectDirPath = "";
			projectRoot = "";
			targets = (
				4066279628BA5B96005B630C /* TwitterCloneMVVM */,
			);
		};
/* End PBXProject section */

/* Begin PBXResourcesBuildPhase section */
		4066279528BA5B96005B630C /* Resources */ = {
			isa = PBXResourcesBuildPhase;
			buildActionMask = 2147483647;
			files = (
				406627A728BA5B98005B630C /* LaunchScreen.storyboard in Resources */,
				DD37D34C28C52BA200658686 /* GoogleService-Info.plist in Resources */,
				406627A428BA5B98005B630C /* Assets.xcassets in Resources */,
				406627A228BA5B96005B630C /* Main.storyboard in Resources */,
			);
			runOnlyForDeploymentPostprocessing = 0;
		};
/* End PBXResourcesBuildPhase section */

/* Begin PBXShellScriptBuildPhase section */
		347E1DB2A5A8D20119DE2FE8 /* [CP] Embed Pods Frameworks */ = {
			isa = PBXShellScriptBuildPhase;
			buildActionMask = 2147483647;
			files = (
			);
			inputFileListPaths = (
				"${PODS_ROOT}/Target Support Files/Pods-TwitterCloneMVVM/Pods-TwitterCloneMVVM-frameworks-${CONFIGURATION}-input-files.xcfilelist",
			);
			name = "[CP] Embed Pods Frameworks";
			outputFileListPaths = (
				"${PODS_ROOT}/Target Support Files/Pods-TwitterCloneMVVM/Pods-TwitterCloneMVVM-frameworks-${CONFIGURATION}-output-files.xcfilelist",
			);
			runOnlyForDeploymentPostprocessing = 0;
			shellPath = /bin/sh;
			shellScript = "\"${PODS_ROOT}/Target Support Files/Pods-TwitterCloneMVVM/Pods-TwitterCloneMVVM-frameworks.sh\"\n";
			showEnvVarsInLog = 0;
		};
		F643E9E78D9C696E2213FDB7 /* [CP] Check Pods Manifest.lock */ = {
			isa = PBXShellScriptBuildPhase;
			buildActionMask = 2147483647;
			files = (
			);
			inputFileListPaths = (
			);
			inputPaths = (
				"${PODS_PODFILE_DIR_PATH}/Podfile.lock",
				"${PODS_ROOT}/Manifest.lock",
			);
			name = "[CP] Check Pods Manifest.lock";
			outputFileListPaths = (
			);
			outputPaths = (
				"$(DERIVED_FILE_DIR)/Pods-TwitterCloneMVVM-checkManifestLockResult.txt",
			);
			runOnlyForDeploymentPostprocessing = 0;
			shellPath = /bin/sh;
			shellScript = "diff \"${PODS_PODFILE_DIR_PATH}/Podfile.lock\" \"${PODS_ROOT}/Manifest.lock\" > /dev/null\nif [ $? != 0 ] ; then\n    # print error to STDERR\n    echo \"error: The sandbox is not in sync with the Podfile.lock. Run 'pod install' or update your CocoaPods installation.\" >&2\n    exit 1\nfi\n# This output is used by Xcode 'outputs' to avoid re-running this script phase.\necho \"SUCCESS\" > \"${SCRIPT_OUTPUT_FILE_0}\"\n";
			showEnvVarsInLog = 0;
		};
/* End PBXShellScriptBuildPhase section */

/* Begin PBXSourcesBuildPhase section */
		4066279328BA5B96005B630C /* Sources */ = {
			isa = PBXSourcesBuildPhase;
			buildActionMask = 2147483647;
			files = (
				DDB82E8A28CBAD7D00DE4A4A /* UserService.swift in Sources */,
				406627BC28BA60F6005B630C /* NotificationsController.swift in Sources */,
				DDB82E9028CDE3DA00DE4A4A /* CaptionTextView.swift in Sources */,
				DD9D6FF628D84C3100F7DDF1 /* ProfileFilterCell.swift in Sources */,
				406627BE28BA6101005B630C /* ConversationsController.swift in Sources */,
				40A998EB28BB4A2600F169EB /* Utilities.swift in Sources */,
				4066279B28BA5B96005B630C /* AppDelegate.swift in Sources */,
				406627C028BA6E4D005B630C /* Extensions.swift in Sources */,
				DDAA6A3228D64E790030D76D /* ProfileController.swift in Sources */,
				DD9D6FF228D79B5100F7DDF1 /* ProfileHeader.swift in Sources */,
				DDB82E9628D1110600DE4A4A /* TweetCell.swift in Sources */,
				406627C328BA9B2A005B630C /* LoginController.swift in Sources */,
				DD18FF2028C92A0C000FB9B6 /* AuthService.swift in Sources */,
				DD9D6FF828D866B200F7DDF1 /* ProfileHeaderViewModel.swift in Sources */,
				DDB82E8E28CCE56B00DE4A4A /* UploadTweetController.swift in Sources */,
				DDB82E8C28CC831A00DE4A4A /* User.swift in Sources */,
				406627BA28BA60C6005B630C /* ExploreController.swift in Sources */,
				4066279D28BA5B96005B630C /* SceneDelegate.swift in Sources */,
				406627B628BA5D4E005B630C /* MainTabController.swift in Sources */,
				DD60243C28D25D63007E1AE6 /* TweetViewModel.swift in Sources */,
				406627C528BA9BE8005B630C /* RegistrationController.swift in Sources */,
				406627B828BA5F60005B630C /* FeedController.swift in Sources */,
				DD9D6FF428D849AB00F7DDF1 /* ProfileFilterView.swift in Sources */,
				DD45786728C6701300BA9A81 /* Constants.swift in Sources */,
				DDB82E9428CF9F3D00DE4A4A /* Tweet.swift in Sources */,
				DDB82E9228CF99FF00DE4A4A /* TweetService.swift in Sources */,
			);
			runOnlyForDeploymentPostprocessing = 0;
		};
/* End PBXSourcesBuildPhase section */

/* Begin PBXVariantGroup section */
		406627A028BA5B96005B630C /* Main.storyboard */ = {
			isa = PBXVariantGroup;
			children = (
				406627A128BA5B96005B630C /* Base */,
			);
			name = Main.storyboard;
			sourceTree = "<group>";
		};
		406627A528BA5B98005B630C /* LaunchScreen.storyboard */ = {
			isa = PBXVariantGroup;
			children = (
				406627A628BA5B98005B630C /* Base */,
			);
			name = LaunchScreen.storyboard;
			sourceTree = "<group>";
		};
/* End PBXVariantGroup section */

/* Begin XCBuildConfiguration section */
		406627A928BA5B98005B630C /* Debug */ = {
			isa = XCBuildConfiguration;
			buildSettings = {
				ALWAYS_SEARCH_USER_PATHS = NO;
				CLANG_ANALYZER_NONNULL = YES;
				CLANG_ANALYZER_NUMBER_OBJECT_CONVERSION = YES_AGGRESSIVE;
				CLANG_CXX_LANGUAGE_STANDARD = "gnu++17";
				CLANG_ENABLE_MODULES = YES;
				CLANG_ENABLE_OBJC_ARC = YES;
				CLANG_ENABLE_OBJC_WEAK = YES;
				CLANG_WARN_BLOCK_CAPTURE_AUTORELEASING = YES;
				CLANG_WARN_BOOL_CONVERSION = YES;
				CLANG_WARN_COMMA = YES;
				CLANG_WARN_CONSTANT_CONVERSION = YES;
				CLANG_WARN_DEPRECATED_OBJC_IMPLEMENTATIONS = YES;
				CLANG_WARN_DIRECT_OBJC_ISA_USAGE = YES_ERROR;
				CLANG_WARN_DOCUMENTATION_COMMENTS = YES;
				CLANG_WARN_EMPTY_BODY = YES;
				CLANG_WARN_ENUM_CONVERSION = YES;
				CLANG_WARN_INFINITE_RECURSION = YES;
				CLANG_WARN_INT_CONVERSION = YES;
				CLANG_WARN_NON_LITERAL_NULL_CONVERSION = YES;
				CLANG_WARN_OBJC_IMPLICIT_RETAIN_SELF = YES;
				CLANG_WARN_OBJC_LITERAL_CONVERSION = YES;
				CLANG_WARN_OBJC_ROOT_CLASS = YES_ERROR;
				CLANG_WARN_QUOTED_INCLUDE_IN_FRAMEWORK_HEADER = YES;
				CLANG_WARN_RANGE_LOOP_ANALYSIS = YES;
				CLANG_WARN_STRICT_PROTOTYPES = YES;
				CLANG_WARN_SUSPICIOUS_MOVE = YES;
				CLANG_WARN_UNGUARDED_AVAILABILITY = YES_AGGRESSIVE;
				CLANG_WARN_UNREACHABLE_CODE = YES;
				CLANG_WARN__DUPLICATE_METHOD_MATCH = YES;
				COPY_PHASE_STRIP = NO;
				DEBUG_INFORMATION_FORMAT = dwarf;
				ENABLE_STRICT_OBJC_MSGSEND = YES;
				ENABLE_TESTABILITY = YES;
				GCC_C_LANGUAGE_STANDARD = gnu11;
				GCC_DYNAMIC_NO_PIC = NO;
				GCC_NO_COMMON_BLOCKS = YES;
				GCC_OPTIMIZATION_LEVEL = 0;
				GCC_PREPROCESSOR_DEFINITIONS = (
					"DEBUG=1",
					"$(inherited)",
				);
				GCC_WARN_64_TO_32_BIT_CONVERSION = YES;
				GCC_WARN_ABOUT_RETURN_TYPE = YES_ERROR;
				GCC_WARN_UNDECLARED_SELECTOR = YES;
				GCC_WARN_UNINITIALIZED_AUTOS = YES_AGGRESSIVE;
				GCC_WARN_UNUSED_FUNCTION = YES;
				GCC_WARN_UNUSED_VARIABLE = YES;
				IPHONEOS_DEPLOYMENT_TARGET = 15.5;
				MTL_ENABLE_DEBUG_INFO = INCLUDE_SOURCE;
				MTL_FAST_MATH = YES;
				ONLY_ACTIVE_ARCH = YES;
				SDKROOT = iphoneos;
				SWIFT_ACTIVE_COMPILATION_CONDITIONS = DEBUG;
				SWIFT_OPTIMIZATION_LEVEL = "-Onone";
			};
			name = Debug;
		};
		406627AA28BA5B98005B630C /* Release */ = {
			isa = XCBuildConfiguration;
			buildSettings = {
				ALWAYS_SEARCH_USER_PATHS = NO;
				CLANG_ANALYZER_NONNULL = YES;
				CLANG_ANALYZER_NUMBER_OBJECT_CONVERSION = YES_AGGRESSIVE;
				CLANG_CXX_LANGUAGE_STANDARD = "gnu++17";
				CLANG_ENABLE_MODULES = YES;
				CLANG_ENABLE_OBJC_ARC = YES;
				CLANG_ENABLE_OBJC_WEAK = YES;
				CLANG_WARN_BLOCK_CAPTURE_AUTORELEASING = YES;
				CLANG_WARN_BOOL_CONVERSION = YES;
				CLANG_WARN_COMMA = YES;
				CLANG_WARN_CONSTANT_CONVERSION = YES;
				CLANG_WARN_DEPRECATED_OBJC_IMPLEMENTATIONS = YES;
				CLANG_WARN_DIRECT_OBJC_ISA_USAGE = YES_ERROR;
				CLANG_WARN_DOCUMENTATION_COMMENTS = YES;
				CLANG_WARN_EMPTY_BODY = YES;
				CLANG_WARN_ENUM_CONVERSION = YES;
				CLANG_WARN_INFINITE_RECURSION = YES;
				CLANG_WARN_INT_CONVERSION = YES;
				CLANG_WARN_NON_LITERAL_NULL_CONVERSION = YES;
				CLANG_WARN_OBJC_IMPLICIT_RETAIN_SELF = YES;
				CLANG_WARN_OBJC_LITERAL_CONVERSION = YES;
				CLANG_WARN_OBJC_ROOT_CLASS = YES_ERROR;
				CLANG_WARN_QUOTED_INCLUDE_IN_FRAMEWORK_HEADER = YES;
				CLANG_WARN_RANGE_LOOP_ANALYSIS = YES;
				CLANG_WARN_STRICT_PROTOTYPES = YES;
				CLANG_WARN_SUSPICIOUS_MOVE = YES;
				CLANG_WARN_UNGUARDED_AVAILABILITY = YES_AGGRESSIVE;
				CLANG_WARN_UNREACHABLE_CODE = YES;
				CLANG_WARN__DUPLICATE_METHOD_MATCH = YES;
				COPY_PHASE_STRIP = NO;
				DEBUG_INFORMATION_FORMAT = "dwarf-with-dsym";
				ENABLE_NS_ASSERTIONS = NO;
				ENABLE_STRICT_OBJC_MSGSEND = YES;
				GCC_C_LANGUAGE_STANDARD = gnu11;
				GCC_NO_COMMON_BLOCKS = YES;
				GCC_WARN_64_TO_32_BIT_CONVERSION = YES;
				GCC_WARN_ABOUT_RETURN_TYPE = YES_ERROR;
				GCC_WARN_UNDECLARED_SELECTOR = YES;
				GCC_WARN_UNINITIALIZED_AUTOS = YES_AGGRESSIVE;
				GCC_WARN_UNUSED_FUNCTION = YES;
				GCC_WARN_UNUSED_VARIABLE = YES;
				IPHONEOS_DEPLOYMENT_TARGET = 15.5;
				MTL_ENABLE_DEBUG_INFO = NO;
				MTL_FAST_MATH = YES;
				SDKROOT = iphoneos;
				SWIFT_COMPILATION_MODE = wholemodule;
				SWIFT_OPTIMIZATION_LEVEL = "-O";
				VALIDATE_PRODUCT = YES;
			};
			name = Release;
		};
		406627AC28BA5B98005B630C /* Debug */ = {
			isa = XCBuildConfiguration;
			baseConfigurationReference = DF31B9317A77DE4E38D4BA98 /* Pods-TwitterCloneMVVM.debug.xcconfig */;
			buildSettings = {
				ASSETCATALOG_COMPILER_APPICON_NAME = AppIcon;
				ASSETCATALOG_COMPILER_GLOBAL_ACCENT_COLOR_NAME = AccentColor;
				CODE_SIGN_STYLE = Automatic;
				CURRENT_PROJECT_VERSION = 1;
				DEVELOPMENT_TEAM = BK6GX2R98Y;
				GENERATE_INFOPLIST_FILE = YES;
				INFOPLIST_FILE = TwitterCloneMVVM/Info.plist;
				INFOPLIST_KEY_UIApplicationSupportsIndirectInputEvents = YES;
				INFOPLIST_KEY_UILaunchStoryboardName = LaunchScreen;
				INFOPLIST_KEY_UIMainStoryboardFile = Main;
				INFOPLIST_KEY_UISupportedInterfaceOrientations_iPad = "UIInterfaceOrientationPortrait UIInterfaceOrientationPortraitUpsideDown UIInterfaceOrientationLandscapeLeft UIInterfaceOrientationLandscapeRight";
				INFOPLIST_KEY_UISupportedInterfaceOrientations_iPhone = "UIInterfaceOrientationPortrait UIInterfaceOrientationLandscapeLeft UIInterfaceOrientationLandscapeRight";
				LD_RUNPATH_SEARCH_PATHS = (
					"$(inherited)",
					"@executable_path/Frameworks",
				);
				MARKETING_VERSION = 1.0;
				PRODUCT_BUNDLE_IDENTIFIER = CanDevecioglu.TwitterCloneMVVM;
				PRODUCT_NAME = "$(TARGET_NAME)";
				SWIFT_EMIT_LOC_STRINGS = YES;
				SWIFT_VERSION = 5.0;
				TARGETED_DEVICE_FAMILY = 1;
			};
			name = Debug;
		};
		406627AD28BA5B98005B630C /* Release */ = {
			isa = XCBuildConfiguration;
			baseConfigurationReference = D1D61AEDD93F59EF7C63C619 /* Pods-TwitterCloneMVVM.release.xcconfig */;
			buildSettings = {
				ASSETCATALOG_COMPILER_APPICON_NAME = AppIcon;
				ASSETCATALOG_COMPILER_GLOBAL_ACCENT_COLOR_NAME = AccentColor;
				CODE_SIGN_STYLE = Automatic;
				CURRENT_PROJECT_VERSION = 1;
				DEVELOPMENT_TEAM = BK6GX2R98Y;
				GENERATE_INFOPLIST_FILE = YES;
				INFOPLIST_FILE = TwitterCloneMVVM/Info.plist;
				INFOPLIST_KEY_UIApplicationSupportsIndirectInputEvents = YES;
				INFOPLIST_KEY_UILaunchStoryboardName = LaunchScreen;
				INFOPLIST_KEY_UIMainStoryboardFile = Main;
				INFOPLIST_KEY_UISupportedInterfaceOrientations_iPad = "UIInterfaceOrientationPortrait UIInterfaceOrientationPortraitUpsideDown UIInterfaceOrientationLandscapeLeft UIInterfaceOrientationLandscapeRight";
				INFOPLIST_KEY_UISupportedInterfaceOrientations_iPhone = "UIInterfaceOrientationPortrait UIInterfaceOrientationLandscapeLeft UIInterfaceOrientationLandscapeRight";
				LD_RUNPATH_SEARCH_PATHS = (
					"$(inherited)",
					"@executable_path/Frameworks",
				);
				MARKETING_VERSION = 1.0;
				PRODUCT_BUNDLE_IDENTIFIER = CanDevecioglu.TwitterCloneMVVM;
				PRODUCT_NAME = "$(TARGET_NAME)";
				SWIFT_EMIT_LOC_STRINGS = YES;
				SWIFT_VERSION = 5.0;
				TARGETED_DEVICE_FAMILY = 1;
			};
			name = Release;
		};
/* End XCBuildConfiguration section */

/* Begin XCConfigurationList section */
		4066279228BA5B96005B630C /* Build configuration list for PBXProject "TwitterCloneMVVM" */ = {
			isa = XCConfigurationList;
			buildConfigurations = (
				406627A928BA5B98005B630C /* Debug */,
				406627AA28BA5B98005B630C /* Release */,
			);
			defaultConfigurationIsVisible = 0;
			defaultConfigurationName = Release;
		};
		406627AB28BA5B98005B630C /* Build configuration list for PBXNativeTarget "TwitterCloneMVVM" */ = {
			isa = XCConfigurationList;
			buildConfigurations = (
				406627AC28BA5B98005B630C /* Debug */,
				406627AD28BA5B98005B630C /* Release */,
			);
			defaultConfigurationIsVisible = 0;
			defaultConfigurationName = Release;
		};
/* End XCConfigurationList section */
	};
	rootObject = 4066278F28BA5B96005B630C /* Project object */;
}
